
Microsoft Visual Studio Solution File, Format Version 12.00
# Visual Studio Version 16
VisualStudioVersion = 16.0.31205.134
MinimumVisualStudioVersion = 10.0.40219.1
Project("{9A19103F-16F7-4668-BE54-9A1E7A4F7556}") = "Shopping.Api", "Shopping.Api\Shopping.Api.csproj", "{5B19C8F2-7FFF-4B98-8D86-8A857B941349}"
EndProject
Project("{9A19103F-16F7-4668-BE54-9A1E7A4F7556}") = "Shopping.Models", "Shopping.Models\Shopping.Models.csproj", "{9B84942A-D131-481C-899A-ED90BFD26E3C}"
EndProject
Project("{FAE04EC0-301F-11D3-BF4B-00C04F79EFBC}") = "Shopping.Services", "Shopping.Services\Shopping.Services.csproj", "{4F19AC4C-FBA8-441F-BBC5-013C35F87E13}"
EndProject
Project("{FAE04EC0-301F-11D3-BF4B-00C04F79EFBC}") = "Shopping.Repositories", "Shopping.Repositories\Shopping.Repositories.csproj", "{0980ED7D-4D0F-4434-9E69-91A8BED51FFB}"
EndProject
Project("{2150E333-8FDC-42A3-9474-1A3956D46DE8}") = "UnitTests", "UnitTests", "{78F460D9-35D3-4682-B7B1-82FDC29E9A47}"
EndProject
Project("{FAE04EC0-301F-11D3-BF4B-00C04F79EFBC}") = "Shopping.Services.Tests", "UnitTests\Shopping.Services.Tests\Shopping.Services.Tests.csproj", "{76BDA1F9-FA9C-47EF-A920-437AC659FC79}"
EndProject
Project("{FAE04EC0-301F-11D3-BF4B-00C04F79EFBC}") = "Shopping.Repositories.Tests", "UnitTests\Shopping.Repositories.Tests\Shopping.Repositories.Tests.csproj", "{AE6C57F3-89A1-4CC5-AB8E-4C1BC878D4AA}"
EndProject
Project("{FAE04EC0-301F-11D3-BF4B-00C04F79EFBC}") = "Shopping.Api.Tests", "UnitTests\Shopping.Api.Tests\Shopping.Api.Tests.csproj", "{D9AAE9CF-BA77-4646-8109-0083EC3B136B}"
EndProject
Project("{FAE04EC0-301F-11D3-BF4B-00C04F79EFBC}") = "Shopping.TestBase", "UnitTests\Shopping.TestBase\Shopping.TestBase.csproj", "{6EC27C4E-1B08-4CB8-BD3B-71EF4FF2832F}"
EndProject
Global
	GlobalSection(SolutionConfigurationPlatforms) = preSolution
		Debug|Any CPU = Debug|Any CPU
		Release|Any CPU = Release|Any CPU
	EndGlobalSection
	GlobalSection(ProjectConfigurationPlatforms) = postSolution
		{5B19C8F2-7FFF-4B98-8D86-8A857B941349}.Debug|Any CPU.ActiveCfg = Debug|Any CPU
		{5B19C8F2-7FFF-4B98-8D86-8A857B941349}.Debug|Any CPU.Build.0 = Debug|Any CPU
		{5B19C8F2-7FFF-4B98-8D86-8A857B941349}.Release|Any CPU.ActiveCfg = Release|Any CPU
		{5B19C8F2-7FFF-4B98-8D86-8A857B941349}.Release|Any CPU.Build.0 = Release|Any CPU
		{9B84942A-D131-481C-899A-ED90BFD26E3C}.Debug|Any CPU.ActiveCfg = Debug|Any CPU
		{9B84942A-D131-481C-899A-ED90BFD26E3C}.Debug|Any CPU.Build.0 = Debug|Any CPU
		{9B84942A-D131-481C-899A-ED90BFD26E3C}.Release|Any CPU.ActiveCfg = Release|Any CPU
		{9B84942A-D131-481C-899A-ED90BFD26E3C}.Release|Any CPU.Build.0 = Release|Any CPU
		{4F19AC4C-FBA8-441F-BBC5-013C35F87E13}.Debug|Any CPU.ActiveCfg = Debug|Any CPU
		{4F19AC4C-FBA8-441F-BBC5-013C35F87E13}.Debug|Any CPU.Build.0 = Debug|Any CPU
		{4F19AC4C-FBA8-441F-BBC5-013C35F87E13}.Release|Any CPU.ActiveCfg = Release|Any CPU
		{4F19AC4C-FBA8-441F-BBC5-013C35F87E13}.Release|Any CPU.Build.0 = Release|Any CPU
		{0980ED7D-4D0F-4434-9E69-91A8BED51FFB}.Debug|Any CPU.ActiveCfg = Debug|Any CPU
		{0980ED7D-4D0F-4434-9E69-91A8BED51FFB}.Debug|Any CPU.Build.0 = Debug|Any CPU
		{0980ED7D-4D0F-4434-9E69-91A8BED51FFB}.Release|Any CPU.ActiveCfg = Release|Any CPU
		{0980ED7D-4D0F-4434-9E69-91A8BED51FFB}.Release|Any CPU.Build.0 = Release|Any CPU
		{76BDA1F9-FA9C-47EF-A920-437AC659FC79}.Debug|Any CPU.ActiveCfg = Debug|Any CPU
		{76BDA1F9-FA9C-47EF-A920-437AC659FC79}.Debug|Any CPU.Build.0 = Debug|Any CPU
		{76BDA1F9-FA9C-47EF-A920-437AC659FC79}.Release|Any CPU.ActiveCfg = Release|Any CPU
		{76BDA1F9-FA9C-47EF-A920-437AC659FC79}.Release|Any CPU.Build.0 = Release|Any CPU
		{AE6C57F3-89A1-4CC5-AB8E-4C1BC878D4AA}.Debug|Any CPU.ActiveCfg = Debug|Any CPU
		{AE6C57F3-89A1-4CC5-AB8E-4C1BC878D4AA}.Debug|Any CPU.Build.0 = Debug|Any CPU
		{AE6C57F3-89A1-4CC5-AB8E-4C1BC878D4AA}.Release|Any CPU.ActiveCfg = Release|Any CPU
		{AE6C57F3-89A1-4CC5-AB8E-4C1BC878D4AA}.Release|Any CPU.Build.0 = Release|Any CPU
		{D9AAE9CF-BA77-4646-8109-0083EC3B136B}.Debug|Any CPU.ActiveCfg = Debug|Any CPU
		{D9AAE9CF-BA77-4646-8109-0083EC3B136B}.Debug|Any CPU.Build.0 = Debug|Any CPU
		{D9AAE9CF-BA77-4646-8109-0083EC3B136B}.Release|Any CPU.ActiveCfg = Release|Any CPU
		{D9AAE9CF-BA77-4646-8109-0083EC3B136B}.Release|Any CPU.Build.0 = Release|Any CPU
		{6EC27C4E-1B08-4CB8-BD3B-71EF4FF2832F}.Debug|Any CPU.ActiveCfg = Debug|Any CPU
		{6EC27C4E-1B08-4CB8-BD3B-71EF4FF2832F}.Debug|Any CPU.Build.0 = Debug|Any CPU
		{6EC27C4E-1B08-4CB8-BD3B-71EF4FF2832F}.Release|Any CPU.ActiveCfg = Release|Any CPU
		{6EC27C4E-1B08-4CB8-BD3B-71EF4FF2832F}.Release|Any CPU.Build.0 = Release|Any CPU
	EndGlobalSection
	GlobalSection(SolutionProperties) = preSolution
		HideSolutionNode = FALSE
	EndGlobalSection
	GlobalSection(NestedProjects) = preSolution
		{76BDA1F9-FA9C-47EF-A920-437AC659FC79} = {78F460D9-35D3-4682-B7B1-82FDC29E9A47}
		{AE6C57F3-89A1-4CC5-AB8E-4C1BC878D4AA} = {78F460D9-35D3-4682-B7B1-82FDC29E9A47}
		{D9AAE9CF-BA77-4646-8109-0083EC3B136B} = {78F460D9-35D3-4682-B7B1-82FDC29E9A47}
		{6EC27C4E-1B08-4CB8-BD3B-71EF4FF2832F} = {78F460D9-35D3-4682-B7B1-82FDC29E9A47}
	EndGlobalSection
	GlobalSection(ExtensibilityGlobals) = postSolution
		SolutionGuid = {BA8AE0CC-B7D9-4549-888A-8A889CD5FAEB}
	EndGlobalSection
EndGlobal
